{
  "name": "reflow_crm_front",
  "version": "1.0.0",
  "lockfileVersion": 1,
  "requires": true,
  "dependencies": {
    "@babel/helper-plugin-utils": {
      "version": "7.8.3",
      "resolved": "https://registry.npmjs.org/@babel/helper-plugin-utils/-/helper-plugin-utils-7.8.3.tgz",
      "integrity": "sha512-j+fq49Xds2smCUNYmEHF9kGNkhbet6yVIBp4e6oeQpH1RUs/Ir06xUKzDjDkGcaaokPiTNs2JBWHjaE4csUkZQ=="
    },
    "@babel/plugin-proposal-export-default-from": {
      "version": "7.8.3",
      "resolved": "https://registry.npmjs.org/@babel/plugin-proposal-export-default-from/-/plugin-proposal-export-default-from-7.8.3.tgz",
      "integrity": "sha512-PYtv2S2OdCdp7GSPDg5ndGZFm9DmWFvuLoS5nBxZCgOBggluLnhTScspJxng96alHQzPyrrHxvC9/w4bFuspeA==",
      "requires": {
        "@babel/helper-plugin-utils": "^7.8.3",
        "@babel/plugin-syntax-export-default-from": "^7.8.3"
      }
    },
    "@babel/plugin-syntax-export-default-from": {
      "version": "7.8.3",
      "resolved": "https://registry.npmjs.org/@babel/plugin-syntax-export-default-from/-/plugin-syntax-export-default-from-7.8.3.tgz",
      "integrity": "sha512-a1qnnsr73KLNIQcQlcQ4ZHxqqfBKM6iNQZW2OMTyxNbA2WC7SHWHtGVpFzWtQAuS2pspkWVzdEBXXx8Ik0Za4w==",
      "requires": {
        "@babel/helper-plugin-utils": "^7.8.3"
      }
    },
    "@react-native-community/async-storage": {
      "version": "1.9.0",
      "resolved": "https://registry.npmjs.org/@react-native-community/async-storage/-/async-storage-1.9.0.tgz",
      "integrity": "sha512-TlGMr02JcmY4huH1P7Mt7p6wJecosPpW+09+CwCFLn875IhpRqU2XiVA+BQppZOYfQdHUfUzIKyCBeXOlCEbEg==",
      "requires": {
        "deep-assign": "^3.0.0"
      }
    },
    "deep-assign": {
      "version": "3.0.0",
      "resolved": "https://registry.npmjs.org/deep-assign/-/deep-assign-3.0.0.tgz",
      "integrity": "sha512-YX2i9XjJ7h5q/aQ/IM9PEwEnDqETAIYbggmdDB3HLTlSgo1CxPsj6pvhPG68rq6SVE0+p+6Ywsm5fTYNrYtBWw==",
      "requires": {
        "is-obj": "^1.0.0"
      }
    },
    "is-obj": {
      "version": "1.0.1",
      "resolved": "https://registry.npmjs.org/is-obj/-/is-obj-1.0.1.tgz",
      "integrity": "sha1-PkcprB9f3gJc19g6iW2rn09n2w8="
    }
  }
}
